
Microsoft Visual Studio Solution File, Format Version 12.00
# Visual Studio Version 17
VisualStudioVersion = 17.7.34221.43
MinimumVisualStudioVersion = 10.0.40219.1
Project("{9A19103F-16F7-4668-BE54-9A1E7A4F7556}") = "NIP_GUI_BD", "NIP_GUI_BD\NIP_GUI_BD.csproj", "{928C5CA4-56FD-46DF-BD36-7F32BCED622A}"
EndProject
Project("{2150E333-8FDC-42A3-9474-1A3956D46DE8}") = "Элементы решения", "Элементы решения", "{E1F99F03-5EF2-4501-BF58-BC7E510A9112}"
EndProject
Global
	GlobalSection(SolutionConfigurationPlatforms) = preSolution
		Debug|Any CPU = Debug|Any CPU
		Release|Any CPU = Release|Any CPU
	EndGlobalSection
	GlobalSection(ProjectConfigurationPlatforms) = postSolution
		{928C5CA4-56FD-46DF-BD36-7F32BCED622A}.Debug|Any CPU.ActiveCfg = Debug|Any CPU
		{928C5CA4-56FD-46DF-BD36-7F32BCED622A}.Debug|Any CPU.Build.0 = Debug|Any CPU
		{928C5CA4-56FD-46DF-BD36-7F32BCED622A}.Release|Any CPU.ActiveCfg = Release|Any CPU
		{928C5CA4-56FD-46DF-BD36-7F32BCED622A}.Release|Any CPU.Build.0 = Release|Any CPU
	EndGlobalSection
	GlobalSection(SolutionProperties) = preSolution
		HideSolutionNode = FALSE
	EndGlobalSection
	GlobalSection(ExtensibilityGlobals) = postSolution
		SolutionGuid = {ACEC3ACE-AE8D-4150-ADA7-12F129DD6ACB}
	EndGlobalSection
EndGlobal
